// !$*UTF8*$!
{
	archiveVersion = 1;
	classes = {
	};
	objectVersion = 56;
	objects = {

/* Begin PBXBuildFile section */
		302AB57E2C66BD27001B19E7 /* NYTimesApp.swift in Sources */ = {isa = PBXBuildFile; fileRef = 302AB57D2C66BD27001B19E7 /* NYTimesApp.swift */; };
		302AB5802C66BD27001B19E7 /* ContentView.swift in Sources */ = {isa = PBXBuildFile; fileRef = 302AB57F2C66BD27001B19E7 /* ContentView.swift */; };
		302AB5822C66BD28001B19E7 /* Assets.xcassets in Resources */ = {isa = PBXBuildFile; fileRef = 302AB5812C66BD28001B19E7 /* Assets.xcassets */; };
		302AB5852C66BD28001B19E7 /* Preview Assets.xcassets in Resources */ = {isa = PBXBuildFile; fileRef = 302AB5842C66BD28001B19E7 /* Preview Assets.xcassets */; };
		302AB58D2C68B118001B19E7 /* APIService.swift in Sources */ = {isa = PBXBuildFile; fileRef = 302AB58B2C68B117001B19E7 /* APIService.swift */; };
		302AB5902C68B200001B19E7 /* ArticleList.swift in Sources */ = {isa = PBXBuildFile; fileRef = 302AB58F2C68B200001B19E7 /* ArticleList.swift */; };
		309B36902C6A877B00A13946 /* ArticleViewModel.swift in Sources */ = {isa = PBXBuildFile; fileRef = 309B368F2C6A877B00A13946 /* ArticleViewModel.swift */; };
		309B36932C6A905500A13946 /* ArticleView.swift in Sources */ = {isa = PBXBuildFile; fileRef = 309B36922C6A905500A13946 /* ArticleView.swift */; };
		309B36952C6ABCDF00A13946 /* ArticleDetailView.swift in Sources */ = {isa = PBXBuildFile; fileRef = 309B36942C6ABCDF00A13946 /* ArticleDetailView.swift */; };
		309B36972C6ABE0000A13946 /* WebView.swift in Sources */ = {isa = PBXBuildFile; fileRef = 309B36962C6ABE0000A13946 /* WebView.swift */; };
		309B369F2C6AC35100A13946 /* ArticleViewModelTest.swift in Sources */ = {isa = PBXBuildFile; fileRef = 309B369E2C6AC35100A13946 /* ArticleViewModelTest.swift */; };
		309B36A62C6AC3C600A13946 /* MockAPIService.swift in Sources */ = {isa = PBXBuildFile; fileRef = 309B36A52C6AC3C600A13946 /* MockAPIService.swift */; };
		309B36A82C6ACD2400A13946 /* Article.json in Resources */ = {isa = PBXBuildFile; fileRef = 309B36A72C6ACD2400A13946 /* Article.json */; };
		309B36A92C6ACFE800A13946 /* Article.json in Resources */ = {isa = PBXBuildFile; fileRef = 309B36A72C6ACD2400A13946 /* Article.json */; };
		309B36AB2C6AD89500A13946 /* LoadingView.swift in Sources */ = {isa = PBXBuildFile; fileRef = 309B36AA2C6AD89500A13946 /* LoadingView.swift */; };
/* End PBXBuildFile section */

/* Begin PBXContainerItemProxy section */
		309B36A02C6AC35100A13946 /* PBXContainerItemProxy */ = {
			isa = PBXContainerItemProxy;
			containerPortal = 302AB5722C66BD27001B19E7 /* Project object */;
			proxyType = 1;
			remoteGlobalIDString = 302AB5792C66BD27001B19E7;
			remoteInfo = NYTimes;
		};
/* End PBXContainerItemProxy section */

/* Begin PBXFileReference section */
		302AB57A2C66BD27001B19E7 /* NYTimes.app */ = {isa = PBXFileReference; explicitFileType = wrapper.application; includeInIndex = 0; path = NYTimes.app; sourceTree = BUILT_PRODUCTS_DIR; };
		302AB57D2C66BD27001B19E7 /* NYTimesApp.swift */ = {isa = PBXFileReference; lastKnownFileType = sourcecode.swift; path = NYTimesApp.swift; sourceTree = "<group>"; };
		302AB57F2C66BD27001B19E7 /* ContentView.swift */ = {isa = PBXFileReference; lastKnownFileType = sourcecode.swift; path = ContentView.swift; sourceTree = "<group>"; };
		302AB5812C66BD28001B19E7 /* Assets.xcassets */ = {isa = PBXFileReference; lastKnownFileType = folder.assetcatalog; path = Assets.xcassets; sourceTree = "<group>"; };
		302AB5842C66BD28001B19E7 /* Preview Assets.xcassets */ = {isa = PBXFileReference; lastKnownFileType = folder.assetcatalog; path = "Preview Assets.xcassets"; sourceTree = "<group>"; };
		302AB58B2C68B117001B19E7 /* APIService.swift */ = {isa = PBXFileReference; fileEncoding = 4; lastKnownFileType = sourcecode.swift; path = APIService.swift; sourceTree = "<group>"; };
		302AB58F2C68B200001B19E7 /* ArticleList.swift */ = {isa = PBXFileReference; lastKnownFileType = sourcecode.swift; path = ArticleList.swift; sourceTree = "<group>"; };
		309B368F2C6A877B00A13946 /* ArticleViewModel.swift */ = {isa = PBXFileReference; lastKnownFileType = sourcecode.swift; path = ArticleViewModel.swift; sourceTree = "<group>"; };
		309B36922C6A905500A13946 /* ArticleView.swift */ = {isa = PBXFileReference; lastKnownFileType = sourcecode.swift; path = ArticleView.swift; sourceTree = "<group>"; };
		309B36942C6ABCDF00A13946 /* ArticleDetailView.swift */ = {isa = PBXFileReference; lastKnownFileType = sourcecode.swift; path = ArticleDetailView.swift; sourceTree = "<group>"; };
		309B36962C6ABE0000A13946 /* WebView.swift */ = {isa = PBXFileReference; lastKnownFileType = sourcecode.swift; path = WebView.swift; sourceTree = "<group>"; };
		309B369C2C6AC35100A13946 /* NYTimesTests.xctest */ = {isa = PBXFileReference; explicitFileType = wrapper.cfbundle; includeInIndex = 0; path = NYTimesTests.xctest; sourceTree = BUILT_PRODUCTS_DIR; };
		309B369E2C6AC35100A13946 /* ArticleViewModelTest.swift */ = {isa = PBXFileReference; lastKnownFileType = sourcecode.swift; path = ArticleViewModelTest.swift; sourceTree = "<group>"; };
		309B36A52C6AC3C600A13946 /* MockAPIService.swift */ = {isa = PBXFileReference; lastKnownFileType = sourcecode.swift; path = MockAPIService.swift; sourceTree = "<group>"; };
		309B36A72C6ACD2400A13946 /* Article.json */ = {isa = PBXFileReference; lastKnownFileType = text.json; path = Article.json; sourceTree = "<group>"; };
		309B36AA2C6AD89500A13946 /* LoadingView.swift */ = {isa = PBXFileReference; lastKnownFileType = sourcecode.swift; path = LoadingView.swift; sourceTree = "<group>"; };
/* End PBXFileReference section */

/* Begin PBXFrameworksBuildPhase section */
		302AB5772C66BD27001B19E7 /* Frameworks */ = {
			isa = PBXFrameworksBuildPhase;
			buildActionMask = 2147483647;
			files = (
			);
			runOnlyForDeploymentPostprocessing = 0;
		};
		309B36992C6AC35100A13946 /* Frameworks */ = {
			isa = PBXFrameworksBuildPhase;
			buildActionMask = 2147483647;
			files = (
			);
			runOnlyForDeploymentPostprocessing = 0;
		};
/* End PBXFrameworksBuildPhase section */

/* Begin PBXGroup section */
		302AB5712C66BD27001B19E7 = {
			isa = PBXGroup;
			children = (
				302AB57C2C66BD27001B19E7 /* NYTimes */,
				309B369D2C6AC35100A13946 /* NYTimesTests */,
				302AB57B2C66BD27001B19E7 /* Products */,
			);
			sourceTree = "<group>";
		};
		302AB57B2C66BD27001B19E7 /* Products */ = {
			isa = PBXGroup;
			children = (
				302AB57A2C66BD27001B19E7 /* NYTimes.app */,
				309B369C2C6AC35100A13946 /* NYTimesTests.xctest */,
			);
			name = Products;
			sourceTree = "<group>";
		};
		302AB57C2C66BD27001B19E7 /* NYTimes */ = {
			isa = PBXGroup;
			children = (
				309B36912C6A904600A13946 /* View */,
				309B368E2C6A876400A13946 /* ViewModel */,
				302AB58E2C68B1EF001B19E7 /* Model */,
				302AB58C2C68B117001B19E7 /* Network */,
				302AB57D2C66BD27001B19E7 /* NYTimesApp.swift */,
				302AB57F2C66BD27001B19E7 /* ContentView.swift */,
				302AB5812C66BD28001B19E7 /* Assets.xcassets */,
				302AB5832C66BD28001B19E7 /* Preview Content */,
			);
			path = NYTimes;
			sourceTree = "<group>";
		};
		302AB5832C66BD28001B19E7 /* Preview Content */ = {
			isa = PBXGroup;
			children = (
				302AB5842C66BD28001B19E7 /* Preview Assets.xcassets */,
			);
			path = "Preview Content";
			sourceTree = "<group>";
		};
		302AB58C2C68B117001B19E7 /* Network */ = {
			isa = PBXGroup;
			children = (
				302AB58B2C68B117001B19E7 /* APIService.swift */,
			);
			path = Network;
			sourceTree = "<group>";
		};
		302AB58E2C68B1EF001B19E7 /* Model */ = {
			isa = PBXGroup;
			children = (
				302AB58F2C68B200001B19E7 /* ArticleList.swift */,
			);
			path = Model;
			sourceTree = "<group>";
		};
		309B368E2C6A876400A13946 /* ViewModel */ = {
			isa = PBXGroup;
			children = (
				309B368F2C6A877B00A13946 /* ArticleViewModel.swift */,
			);
			path = ViewModel;
			sourceTree = "<group>";
		};
		309B36912C6A904600A13946 /* View */ = {
			isa = PBXGroup;
			children = (
				309B36922C6A905500A13946 /* ArticleView.swift */,
				309B36942C6ABCDF00A13946 /* ArticleDetailView.swift */,
				309B36962C6ABE0000A13946 /* WebView.swift */,
				309B36AA2C6AD89500A13946 /* LoadingView.swift */,
			);
			path = View;
			sourceTree = "<group>";
		};
		309B369D2C6AC35100A13946 /* NYTimesTests */ = {
			isa = PBXGroup;
			children = (
				309B369E2C6AC35100A13946 /* ArticleViewModelTest.swift */,
				309B36A52C6AC3C600A13946 /* MockAPIService.swift */,
				309B36A72C6ACD2400A13946 /* Article.json */,
			);
			path = NYTimesTests;
			sourceTree = "<group>";
		};
/* End PBXGroup section */

/* Begin PBXNativeTarget section */
		302AB5792C66BD27001B19E7 /* NYTimes */ = {
			isa = PBXNativeTarget;
			buildConfigurationList = 302AB5882C66BD28001B19E7 /* Build configuration list for PBXNativeTarget "NYTimes" */;
			buildPhases = (
				302AB5762C66BD27001B19E7 /* Sources */,
				302AB5772C66BD27001B19E7 /* Frameworks */,
				302AB5782C66BD27001B19E7 /* Resources */,
			);
			buildRules = (
			);
			dependencies = (
			);
			name = NYTimes;
			productName = NYTimes;
			productReference = 302AB57A2C66BD27001B19E7 /* NYTimes.app */;
			productType = "com.apple.product-type.application";
		};
		309B369B2C6AC35100A13946 /* NYTimesTests */ = {
			isa = PBXNativeTarget;
			buildConfigurationList = 309B36A22C6AC35100A13946 /* Build configuration list for PBXNativeTarget "NYTimesTests" */;
			buildPhases = (
				309B36982C6AC35100A13946 /* Sources */,
				309B36992C6AC35100A13946 /* Frameworks */,
				309B369A2C6AC35100A13946 /* Resources */,
			);
			buildRules = (
			);
			dependencies = (
				309B36A12C6AC35100A13946 /* PBXTargetDependency */,
			);
			name = NYTimesTests;
			productName = NYTimesTests;
			productReference = 309B369C2C6AC35100A13946 /* NYTimesTests.xctest */;
			productType = "com.apple.product-type.bundle.unit-test";
		};
/* End PBXNativeTarget section */

/* Begin PBXProject section */
		302AB5722C66BD27001B19E7 /* Project object */ = {
			isa = PBXProject;
			attributes = {
				BuildIndependentTargetsInParallel = 1;
				LastSwiftUpdateCheck = 1540;
				LastUpgradeCheck = 1540;
				TargetAttributes = {
					302AB5792C66BD27001B19E7 = {
						CreatedOnToolsVersion = 15.4;
					};
					309B369B2C6AC35100A13946 = {
						CreatedOnToolsVersion = 15.4;
						TestTargetID = 302AB5792C66BD27001B19E7;
					};
				};
			};
			buildConfigurationList = 302AB5752C66BD27001B19E7 /* Build configuration list for PBXProject "NYTimes" */;
			compatibilityVersion = "Xcode 14.0";
			developmentRegion = en;
			hasScannedForEncodings = 0;
			knownRegions = (
				en,
				Base,
			);
			mainGroup = 302AB5712C66BD27001B19E7;
			productRefGroup = 302AB57B2C66BD27001B19E7 /* Products */;
			projectDirPath = "";
			projectRoot = "";
			targets = (
				302AB5792C66BD27001B19E7 /* NYTimes */,
				309B369B2C6AC35100A13946 /* NYTimesTests */,
			);
		};
/* End PBXProject section */

/* Begin PBXResourcesBuildPhase section */
		302AB5782C66BD27001B19E7 /* Resources */ = {
			isa = PBXResourcesBuildPhase;
			buildActionMask = 2147483647;
			files = (
				302AB5852C66BD28001B19E7 /* Preview Assets.xcassets in Resources */,
				302AB5822C66BD28001B19E7 /* Assets.xcassets in Resources */,
				309B36A92C6ACFE800A13946 /* Article.json in Resources */,
			);
			runOnlyForDeploymentPostprocessing = 0;
		};
		309B369A2C6AC35100A13946 /* Resources */ = {
			isa = PBXResourcesBuildPhase;
			buildActionMask = 2147483647;
			files = (
				309B36A82C6ACD2400A13946 /* Article.json in Resources */,
			);
			runOnlyForDeploymentPostprocessing = 0;
		};
/* End PBXResourcesBuildPhase section */

/* Begin PBXSourcesBuildPhase section */
		302AB5762C66BD27001B19E7 /* Sources */ = {
			isa = PBXSourcesBuildPhase;
			buildActionMask = 2147483647;
			files = (
				302AB5902C68B200001B19E7 /* ArticleList.swift in Sources */,
				309B36972C6ABE0000A13946 /* WebView.swift in Sources */,
				302AB5802C66BD27001B19E7 /* ContentView.swift in Sources */,
				302AB58D2C68B118001B19E7 /* APIService.swift in Sources */,
				309B36952C6ABCDF00A13946 /* ArticleDetailView.swift in Sources */,
				309B36932C6A905500A13946 /* ArticleView.swift in Sources */,
				309B36902C6A877B00A13946 /* ArticleViewModel.swift in Sources */,
				302AB57E2C66BD27001B19E7 /* NYTimesApp.swift in Sources */,
				309B36AB2C6AD89500A13946 /* LoadingView.swift in Sources */,
			);
			runOnlyForDeploymentPostprocessing = 0;
		};
		309B36982C6AC35100A13946 /* Sources */ = {
			isa = PBXSourcesBuildPhase;
			buildActionMask = 2147483647;
			files = (
				309B36A62C6AC3C600A13946 /* MockAPIService.swift in Sources */,
				309B369F2C6AC35100A13946 /* ArticleViewModelTest.swift in Sources */,
			);
			runOnlyForDeploymentPostprocessing = 0;
		};
/* End PBXSourcesBuildPhase section */

/* Begin PBXTargetDependency section */
		309B36A12C6AC35100A13946 /* PBXTargetDependency */ = {
			isa = PBXTargetDependency;
			target = 302AB5792C66BD27001B19E7 /* NYTimes */;
			targetProxy = 309B36A02C6AC35100A13946 /* PBXContainerItemProxy */;
		};
/* End PBXTargetDependency section */

/* Begin XCBuildConfiguration section */
		302AB5862C66BD28001B19E7 /* Debug */ = {
			isa = XCBuildConfiguration;
			buildSettings = {
				ALWAYS_SEARCH_USER_PATHS = NO;
				ASSETCATALOG_COMPILER_GENERATE_SWIFT_ASSET_SYMBOL_EXTENSIONS = YES;
				CLANG_ANALYZER_NONNULL = YES;
				CLANG_ANALYZER_NUMBER_OBJECT_CONVERSION = YES_AGGRESSIVE;
				CLANG_CXX_LANGUAGE_STANDARD = "gnu++20";
				CLANG_ENABLE_MODULES = YES;
				CLANG_ENABLE_OBJC_ARC = YES;
				CLANG_ENABLE_OBJC_WEAK = YES;
				CLANG_WARN_BLOCK_CAPTURE_AUTORELEASING = YES;
				CLANG_WARN_BOOL_CONVERSION = YES;
				CLANG_WARN_COMMA = YES;
				CLANG_WARN_CONSTANT_CONVERSION = YES;
				CLANG_WARN_DEPRECATED_OBJC_IMPLEMENTATIONS = YES;
				CLANG_WARN_DIRECT_OBJC_ISA_USAGE = YES_ERROR;
				CLANG_WARN_DOCUMENTATION_COMMENTS = YES;
				CLANG_WARN_EMPTY_BODY = YES;
				CLANG_WARN_ENUM_CONVERSION = YES;
				CLANG_WARN_INFINITE_RECURSION = YES;
				CLANG_WARN_INT_CONVERSION = YES;
				CLANG_WARN_NON_LITERAL_NULL_CONVERSION = YES;
				CLANG_WARN_OBJC_IMPLICIT_RETAIN_SELF = YES;
				CLANG_WARN_OBJC_LITERAL_CONVERSION = YES;
				CLANG_WARN_OBJC_ROOT_CLASS = YES_ERROR;
				CLANG_WARN_QUOTED_INCLUDE_IN_FRAMEWORK_HEADER = YES;
				CLANG_WARN_RANGE_LOOP_ANALYSIS = YES;
				CLANG_WARN_STRICT_PROTOTYPES = YES;
				CLANG_WARN_SUSPICIOUS_MOVE = YES;
				CLANG_WARN_UNGUARDED_AVAILABILITY = YES_AGGRESSIVE;
				CLANG_WARN_UNREACHABLE_CODE = YES;
				CLANG_WARN__DUPLICATE_METHOD_MATCH = YES;
				COPY_PHASE_STRIP = NO;
				DEBUG_INFORMATION_FORMAT = dwarf;
				ENABLE_STRICT_OBJC_MSGSEND = YES;
				ENABLE_TESTABILITY = YES;
				ENABLE_USER_SCRIPT_SANDBOXING = YES;
				GCC_C_LANGUAGE_STANDARD = gnu17;
				GCC_DYNAMIC_NO_PIC = NO;
				GCC_NO_COMMON_BLOCKS = YES;
				GCC_OPTIMIZATION_LEVEL = 0;
				GCC_PREPROCESSOR_DEFINITIONS = (
					"DEBUG=1",
					"$(inherited)",
				);
				GCC_WARN_64_TO_32_BIT_CONVERSION = YES;
				GCC_WARN_ABOUT_RETURN_TYPE = YES_ERROR;
				GCC_WARN_UNDECLARED_SELECTOR = YES;
				GCC_WARN_UNINITIALIZED_AUTOS = YES_AGGRESSIVE;
				GCC_WARN_UNUSED_FUNCTION = YES;
				GCC_WARN_UNUSED_VARIABLE = YES;
				IPHONEOS_DEPLOYMENT_TARGET = 16.0;
				LOCALIZATION_PREFERS_STRING_CATALOGS = YES;
				MTL_ENABLE_DEBUG_INFO = INCLUDE_SOURCE;
				MTL_FAST_MATH = YES;
				ONLY_ACTIVE_ARCH = YES;
				SDKROOT = iphoneos;
				SWIFT_ACTIVE_COMPILATION_CONDITIONS = "DEBUG $(inherited)";
				SWIFT_OPTIMIZATION_LEVEL = "-Onone";
			};
			name = Debug;
		};
		302AB5872C66BD28001B19E7 /* Release */ = {
			isa = XCBuildConfiguration;
			buildSettings = {
				ALWAYS_SEARCH_USER_PATHS = NO;
				ASSETCATALOG_COMPILER_GENERATE_SWIFT_ASSET_SYMBOL_EXTENSIONS = YES;
				CLANG_ANALYZER_NONNULL = YES;
				CLANG_ANALYZER_NUMBER_OBJECT_CONVERSION = YES_AGGRESSIVE;
				CLANG_CXX_LANGUAGE_STANDARD = "gnu++20";
				CLANG_ENABLE_MODULES = YES;
				CLANG_ENABLE_OBJC_ARC = YES;
				CLANG_ENABLE_OBJC_WEAK = YES;
				CLANG_WARN_BLOCK_CAPTURE_AUTORELEASING = YES;
				CLANG_WARN_BOOL_CONVERSION = YES;
				CLANG_WARN_COMMA = YES;
				CLANG_WARN_CONSTANT_CONVERSION = YES;
				CLANG_WARN_DEPRECATED_OBJC_IMPLEMENTATIONS = YES;
				CLANG_WARN_DIRECT_OBJC_ISA_USAGE = YES_ERROR;
				CLANG_WARN_DOCUMENTATION_COMMENTS = YES;
				CLANG_WARN_EMPTY_BODY = YES;
				CLANG_WARN_ENUM_CONVERSION = YES;
				CLANG_WARN_INFINITE_RECURSION = YES;
				CLANG_WARN_INT_CONVERSION = YES;
				CLANG_WARN_NON_LITERAL_NULL_CONVERSION = YES;
				CLANG_WARN_OBJC_IMPLICIT_RETAIN_SELF = YES;
				CLANG_WARN_OBJC_LITERAL_CONVERSION = YES;
				CLANG_WARN_OBJC_ROOT_CLASS = YES_ERROR;
				CLANG_WARN_QUOTED_INCLUDE_IN_FRAMEWORK_HEADER = YES;
				CLANG_WARN_RANGE_LOOP_ANALYSIS = YES;
				CLANG_WARN_STRICT_PROTOTYPES = YES;
				CLANG_WARN_SUSPICIOUS_MOVE = YES;
				CLANG_WARN_UNGUARDED_AVAILABILITY = YES_AGGRESSIVE;
				CLANG_WARN_UNREACHABLE_CODE = YES;
				CLANG_WARN__DUPLICATE_METHOD_MATCH = YES;
				COPY_PHASE_STRIP = NO;
				DEBUG_INFORMATION_FORMAT = "dwarf-with-dsym";
				ENABLE_NS_ASSERTIONS = NO;
				ENABLE_STRICT_OBJC_MSGSEND = YES;
				ENABLE_USER_SCRIPT_SANDBOXING = YES;
				GCC_C_LANGUAGE_STANDARD = gnu17;
				GCC_NO_COMMON_BLOCKS = YES;
				GCC_WARN_64_TO_32_BIT_CONVERSION = YES;
				GCC_WARN_ABOUT_RETURN_TYPE = YES_ERROR;
				GCC_WARN_UNDECLARED_SELECTOR = YES;
				GCC_WARN_UNINITIALIZED_AUTOS = YES_AGGRESSIVE;
				GCC_WARN_UNUSED_FUNCTION = YES;
				GCC_WARN_UNUSED_VARIABLE = YES;
				IPHONEOS_DEPLOYMENT_TARGET = 16.0;
				LOCALIZATION_PREFERS_STRING_CATALOGS = YES;
				MTL_ENABLE_DEBUG_INFO = NO;
				MTL_FAST_MATH = YES;
				SDKROOT = iphoneos;
				SWIFT_COMPILATION_MODE = wholemodule;
				VALIDATE_PRODUCT = YES;
			};
			name = Release;
		};
		302AB5892C66BD28001B19E7 /* Debug */ = {
			isa = XCBuildConfiguration;
			buildSettings = {
				ASSETCATALOG_COMPILER_APPICON_NAME = AppIcon;
				ASSETCATALOG_COMPILER_GLOBAL_ACCENT_COLOR_NAME = AccentColor;
				CODE_SIGN_STYLE = Automatic;
				CURRENT_PROJECT_VERSION = 1;
				DEVELOPMENT_ASSET_PATHS = "\"NYTimes/Preview Content\"";
				ENABLE_PREVIEWS = YES;
				GENERATE_INFOPLIST_FILE = YES;
				INFOPLIST_KEY_UIApplicationSceneManifest_Generation = YES;
				INFOPLIST_KEY_UIApplicationSupportsIndirectInputEvents = YES;
				INFOPLIST_KEY_UILaunchScreen_Generation = YES;
				INFOPLIST_KEY_UISupportedInterfaceOrientations_iPad = "UIInterfaceOrientationPortrait UIInterfaceOrientationPortraitUpsideDown UIInterfaceOrientationLandscapeLeft UIInterfaceOrientationLandscapeRight";
				INFOPLIST_KEY_UISupportedInterfaceOrientations_iPhone = "UIInterfaceOrientationPortrait UIInterfaceOrientationLandscapeLeft UIInterfaceOrientationLandscapeRight";
				LD_RUNPATH_SEARCH_PATHS = (
					"$(inherited)",
					"@executable_path/Frameworks",
				);
				MARKETING_VERSION = 1.0;
				PRODUCT_BUNDLE_IDENTIFIER = NYTimes.NYTimes;
				PRODUCT_NAME = "$(TARGET_NAME)";
				SWIFT_EMIT_LOC_STRINGS = YES;
				SWIFT_VERSION = 5.0;
				TARGETED_DEVICE_FAMILY = "1,2";
			};
			name = Debug;
		};
		302AB58A2C66BD28001B19E7 /* Release */ = {
			isa = XCBuildConfiguration;
			buildSettings = {
				ASSETCATALOG_COMPILER_APPICON_NAME = AppIcon;
				ASSETCATALOG_COMPILER_GLOBAL_ACCENT_COLOR_NAME = AccentColor;
				CODE_SIGN_STYLE = Automatic;
				CURRENT_PROJECT_VERSION = 1;
				DEVELOPMENT_ASSET_PATHS = "\"NYTimes/Preview Content\"";
				ENABLE_PREVIEWS = YES;
				GENERATE_INFOPLIST_FILE = YES;
				INFOPLIST_KEY_UIApplicationSceneManifest_Generation = YES;
				INFOPLIST_KEY_UIApplicationSupportsIndirectInputEvents = YES;
				INFOPLIST_KEY_UILaunchScreen_Generation = YES;
				INFOPLIST_KEY_UISupportedInterfaceOrientations_iPad = "UIInterfaceOrientationPortrait UIInterfaceOrientationPortraitUpsideDown UIInterfaceOrientationLandscapeLeft UIInterfaceOrientationLandscapeRight";
				INFOPLIST_KEY_UISupportedInterfaceOrientations_iPhone = "UIInterfaceOrientationPortrait UIInterfaceOrientationLandscapeLeft UIInterfaceOrientationLandscapeRight";
				LD_RUNPATH_SEARCH_PATHS = (
					"$(inherited)",
					"@executable_path/Frameworks",
				);
				MARKETING_VERSION = 1.0;
				PRODUCT_BUNDLE_IDENTIFIER = NYTimes.NYTimes;
				PRODUCT_NAME = "$(TARGET_NAME)";
				SWIFT_EMIT_LOC_STRINGS = YES;
				SWIFT_VERSION = 5.0;
				TARGETED_DEVICE_FAMILY = "1,2";
			};
			name = Release;
		};
		309B36A32C6AC35100A13946 /* Debug */ = {
			isa = XCBuildConfiguration;
			buildSettings = {
				BUNDLE_LOADER = "$(TEST_HOST)";
				CODE_SIGN_STYLE = Automatic;
				CURRENT_PROJECT_VERSION = 1;
				GENERATE_INFOPLIST_FILE = YES;
				MARKETING_VERSION = 1.0;
				PRODUCT_BUNDLE_IDENTIFIER = NYTimes.NYTimesTests;
				PRODUCT_NAME = "$(TARGET_NAME)";
				SWIFT_EMIT_LOC_STRINGS = NO;
				SWIFT_VERSION = 5.0;
				TARGETED_DEVICE_FAMILY = "1,2";
				TEST_HOST = "$(BUILT_PRODUCTS_DIR)/NYTimes.app/$(BUNDLE_EXECUTABLE_FOLDER_PATH)/NYTimes";
			};
			name = Debug;
		};
		309B36A42C6AC35100A13946 /* Release */ = {
			isa = XCBuildConfiguration;
			buildSettings = {
				BUNDLE_LOADER = "$(TEST_HOST)";
				CODE_SIGN_STYLE = Automatic;
				CURRENT_PROJECT_VERSION = 1;
				GENERATE_INFOPLIST_FILE = YES;
				MARKETING_VERSION = 1.0;
				PRODUCT_BUNDLE_IDENTIFIER = NYTimes.NYTimesTests;
				PRODUCT_NAME = "$(TARGET_NAME)";
				SWIFT_EMIT_LOC_STRINGS = NO;
				SWIFT_VERSION = 5.0;
				TARGETED_DEVICE_FAMILY = "1,2";
				TEST_HOST = "$(BUILT_PRODUCTS_DIR)/NYTimes.app/$(BUNDLE_EXECUTABLE_FOLDER_PATH)/NYTimes";
			};
			name = Release;
		};
/* End XCBuildConfiguration section */

/* Begin XCConfigurationList section */
		302AB5752C66BD27001B19E7 /* Build configuration list for PBXProject "NYTimes" */ = {
			isa = XCConfigurationList;
			buildConfigurations = (
				302AB5862C66BD28001B19E7 /* Debug */,
				302AB5872C66BD28001B19E7 /* Release */,
			);
			defaultConfigurationIsVisible = 0;
			defaultConfigurationName = Release;
		};
		302AB5882C66BD28001B19E7 /* Build configuration list for PBXNativeTarget "NYTimes" */ = {
			isa = XCConfigurationList;
			buildConfigurations = (
				302AB5892C66BD28001B19E7 /* Debug */,
				302AB58A2C66BD28001B19E7 /* Release */,
			);
			defaultConfigurationIsVisible = 0;
			defaultConfigurationName = Release;
		};
		309B36A22C6AC35100A13946 /* Build configuration list for PBXNativeTarget "NYTimesTests" */ = {
			isa = XCConfigurationList;
			buildConfigurations = (
				309B36A32C6AC35100A13946 /* Debug */,
				309B36A42C6AC35100A13946 /* Release */,
			);
			defaultConfigurationIsVisible = 0;
			defaultConfigurationName = Release;
		};
/* End XCConfigurationList section */
	};
	rootObject = 302AB5722C66BD27001B19E7 /* Project object */;
}
